
Microsoft Visual Studio Solution File, Format Version 12.00
# Visual Studio 14
VisualStudioVersion = 14.0.25420.1
MinimumVisualStudioVersion = 10.0.40219.1
Project("{FAE04EC0-301F-11D3-BF4B-00C04F79EFBC}") = "ProposedDurakTest", "PropesedDurakTest\ProposedDurakTest.csproj", "{E0FC7BA7-17BE-4B03-B906-4117D7B4995A}"
EndProject
Project("{FAE04EC0-301F-11D3-BF4B-00C04F79EFBC}") = "DurakDeck", "DurakDeck\DurakDeck.csproj", "{0FC274B9-D428-4A74-A179-7CBB87142771}"
EndProject
Global
	GlobalSection(SolutionConfigurationPlatforms) = preSolution
		Debug|Any CPU = Debug|Any CPU
		Release|Any CPU = Release|Any CPU
	EndGlobalSection
	GlobalSection(ProjectConfigurationPlatforms) = postSolution
		{E0FC7BA7-17BE-4B03-B906-4117D7B4995A}.Debug|Any CPU.ActiveCfg = Debug|Any CPU
		{E0FC7BA7-17BE-4B03-B906-4117D7B4995A}.Debug|Any CPU.Build.0 = Debug|Any CPU
		{E0FC7BA7-17BE-4B03-B906-4117D7B4995A}.Release|Any CPU.ActiveCfg = Release|Any CPU
		{E0FC7BA7-17BE-4B03-B906-4117D7B4995A}.Release|Any CPU.Build.0 = Release|Any CPU
		{0FC274B9-D428-4A74-A179-7CBB87142771}.Debug|Any CPU.ActiveCfg = Debug|Any CPU
		{0FC274B9-D428-4A74-A179-7CBB87142771}.Debug|Any CPU.Build.0 = Debug|Any CPU
		{0FC274B9-D428-4A74-A179-7CBB87142771}.Release|Any CPU.ActiveCfg = Release|Any CPU
		{0FC274B9-D428-4A74-A179-7CBB87142771}.Release|Any CPU.Build.0 = Release|Any CPU
	EndGlobalSection
	GlobalSection(SolutionProperties) = preSolution
		HideSolutionNode = FALSE
	EndGlobalSection
EndGlobal
